
Microsoft Visual Studio Solution File, Format Version 12.00
# Visual Studio Version 17
VisualStudioVersion = 17.12.35527.113
MinimumVisualStudioVersion = 10.0.40219.1
Project("{2150E333-8FDC-42A3-9474-1A3956D46DE8}") = "src", "src", "{01EBC345-E091-4A0C-B2B5-E186FE5263BC}"
EndProject
Project("{2150E333-8FDC-42A3-9474-1A3956D46DE8}") = "Api", "Api", "{6FE0740D-9DE0-4153-A83E-CAF42B8D58F7}"
EndProject
Project("{2150E333-8FDC-42A3-9474-1A3956D46DE8}") = "Common", "Common", "{66DB6673-131F-4103-83FC-9103A1BD8437}"
EndProject
Project("{2150E333-8FDC-42A3-9474-1A3956D46DE8}") = "Modules", "Modules", "{6F855AA2-2272-4713-8A35-52C512BC9FCF}"
EndProject
Project("{FAE04EC0-301F-11D3-BF4B-00C04F79EFBC}") = "ModularMonolithTemplate.Api", "src\Api\ModularMonolithTemplate.Api\ModularMonolithTemplate.Api.csproj", "{AB399326-8C30-401C-AC00-22B5E7B7E1FA}"
EndProject
Project("{2150E333-8FDC-42A3-9474-1A3956D46DE8}") = "tests", "tests", "{64E6CD41-7D40-48CF-8A2F-5B8BC70724AA}"
EndProject
Project("{2150E333-8FDC-42A3-9474-1A3956D46DE8}") = "Solution Items", "Solution Items", "{F93F157B-97C9-4F4F-BB2F-040616DD1A53}"
	ProjectSection(SolutionItems) = preProject
		.editorconfig = .editorconfig
		.gitignore = .gitignore
		Directory.Build.props = Directory.Build.props
		README.md = README.md
	EndProjectSection
EndProject
Project("{2150E333-8FDC-42A3-9474-1A3956D46DE8}") = "aspire", "aspire", "{5F839309-DEA9-4D94-A489-9DA3E6F035CB}"
EndProject
Project("{FAE04EC0-301F-11D3-BF4B-00C04F79EFBC}") = "ModularMonolithTemplate.Aspire.AppHost", "aspire\ModularMonolithTemplate.Aspire\ModularMonolithTemplate.Aspire.AppHost\ModularMonolithTemplate.Aspire.AppHost.csproj", "{779C96E1-2B7E-4652-B929-078668A8182C}"
EndProject
Project("{FAE04EC0-301F-11D3-BF4B-00C04F79EFBC}") = "ModularMonolithTemplate.Aspire.ServiceDefaults", "aspire\ModularMonolithTemplate.Aspire\ModularMonolithTemplate.Aspire.ServiceDefaults\ModularMonolithTemplate.Aspire.ServiceDefaults.csproj", "{923BDBA9-9272-4531-846D-DE9F52E80931}"
EndProject
Project("{2150E333-8FDC-42A3-9474-1A3956D46DE8}") = "Products", "Products", "{5D3A3F49-E3F1-47C2-B5FA-3BE8FC532D6D}"
EndProject
Project("{2150E333-8FDC-42A3-9474-1A3956D46DE8}") = "Orders", "Orders", "{2A32ECDB-D304-4000-BF64-7288060B3CDB}"
EndProject
Project("{FAE04EC0-301F-11D3-BF4B-00C04F79EFBC}") = "ModularMonolithTemplate.Modules.Products.Application", "src\Modules\Products\ModularMonolithTemplate.Modules.Products.Application\ModularMonolithTemplate.Modules.Products.Application.csproj", "{455D9F42-4730-4A1D-8810-5A3B88591CC4}"
EndProject
Project("{FAE04EC0-301F-11D3-BF4B-00C04F79EFBC}") = "ModularMonolithTemplate.Modules.Products.Domain", "src\Modules\Products\ModularMonolithTemplate.Modules.Products.Domain\ModularMonolithTemplate.Modules.Products.Domain.csproj", "{8F652682-DC03-4AD9-8C7E-A4C422655BA7}"
EndProject
Project("{FAE04EC0-301F-11D3-BF4B-00C04F79EFBC}") = "ModularMonolithTemplate.Modules.Products.Infrastructure", "src\Modules\Products\ModularMonolithTemplate.Modules.Products.Infrastructure\ModularMonolithTemplate.Modules.Products.Infrastructure.csproj", "{767D5790-1BFD-4435-910E-5597332B55ED}"
EndProject
Project("{FAE04EC0-301F-11D3-BF4B-00C04F79EFBC}") = "ModularMonolithTemplate.Modules.Orders.Application", "src\Modules\Orders\ModularMonolithTemplate.Modules.Orders.Application\ModularMonolithTemplate.Modules.Orders.Application.csproj", "{196F6FB5-B630-40AB-9346-71398B4B6F31}"
EndProject
Project("{FAE04EC0-301F-11D3-BF4B-00C04F79EFBC}") = "ModularMonolithTemplate.Modules.Orders.Domain", "src\Modules\Orders\ModularMonolithTemplate.Modules.Orders.Domain\ModularMonolithTemplate.Modules.Orders.Domain.csproj", "{93466355-22AA-4FD5-9B9B-41AF75CE3B8B}"
EndProject
Project("{FAE04EC0-301F-11D3-BF4B-00C04F79EFBC}") = "ModularMonolithTemplate.Modules.Orders.Infrastructure", "src\Modules\Orders\ModularMonolithTemplate.Modules.Orders.Infrastructure\ModularMonolithTemplate.Modules.Orders.Infrastructure.csproj", "{486571FD-C229-463D-86E9-4EAB2828C05D}"
EndProject
Project("{FAE04EC0-301F-11D3-BF4B-00C04F79EFBC}") = "ModularMonolithTemplate.ArchitectureTests", "tests\ModularMonolithTemplate.ArchitectureTests\ModularMonolithTemplate.ArchitectureTests.csproj", "{1F5AF3AD-F020-429E-A278-59C14D14948D}"
EndProject
Project("{FAE04EC0-301F-11D3-BF4B-00C04F79EFBC}") = "ModularMonolithTemplate.Common.Application", "src\Common\ModularMonolithTemplate.Common.Application\ModularMonolithTemplate.Common.Application.csproj", "{1280A7F1-AC84-44B0-B094-DD6F2E1F3AF0}"
EndProject
Project("{FAE04EC0-301F-11D3-BF4B-00C04F79EFBC}") = "ModularMonolithTemplate.Common.Domain", "src\Common\ModularMonolithTemplate.Common.Domain\ModularMonolithTemplate.Common.Domain.csproj", "{702F09DD-77BC-4D17-815B-1A4D93419087}"
EndProject
Project("{FAE04EC0-301F-11D3-BF4B-00C04F79EFBC}") = "ModularMonolithTemplate.Common.Infrastructure", "src\Common\ModularMonolithTemplate.Common.Infrastructure\ModularMonolithTemplate.Common.Infrastructure.csproj", "{37A97A78-027D-43A8-9363-E7C3F198EC16}"
EndProject
Project("{FAE04EC0-301F-11D3-BF4B-00C04F79EFBC}") = "ModularMonolithTemplate.Modules.Products.Presentation", "src\Modules\Products\ModularMonolithTemplate.Modules.Products.Presentation\ModularMonolithTemplate.Modules.Products.Presentation.csproj", "{3FEA7EB0-FFC5-41C3-9B51-ADA2B949B287}"
EndProject
Project("{FAE04EC0-301F-11D3-BF4B-00C04F79EFBC}") = "ModularMonolithTemplate.Common.Presentation", "src\Common\ModularMonolithTemplate.Common.Presentation\ModularMonolithTemplate.Common.Presentation.csproj", "{2B150431-0D73-4B35-ABF7-4E828C2C3F05}"
EndProject
Project("{2150E333-8FDC-42A3-9474-1A3956D46DE8}") = "tests", "tests", "{375DE06B-8BC1-449D-877F-512434665DC6}"
EndProject
Project("{FAE04EC0-301F-11D3-BF4B-00C04F79EFBC}") = "ModularMonolithTemplate.Modules.Products.UnitTests", "src\Modules\Products\ModularMonolithTemplate.Modules.Products.UnitTests\ModularMonolithTemplate.Modules.Products.UnitTests.csproj", "{83FE350D-15C3-4CAE-855E-008562364D09}"
EndProject
Project("{FAE04EC0-301F-11D3-BF4B-00C04F79EFBC}") = "ModularMonolithTemplate.Modules.Products.ArchitectureTests", "src\Modules\Products\ModularMonolithTemplate.Modules.Products.ArchitectureTests\ModularMonolithTemplate.Modules.Products.ArchitectureTests.csproj", "{8BC12C68-7758-498D-8318-48BCE508098F}"
EndProject
Global
	GlobalSection(SolutionConfigurationPlatforms) = preSolution
		Debug|Any CPU = Debug|Any CPU
		Release|Any CPU = Release|Any CPU
	EndGlobalSection
	GlobalSection(ProjectConfigurationPlatforms) = postSolution
		{AB399326-8C30-401C-AC00-22B5E7B7E1FA}.Debug|Any CPU.ActiveCfg = Debug|Any CPU
		{AB399326-8C30-401C-AC00-22B5E7B7E1FA}.Debug|Any CPU.Build.0 = Debug|Any CPU
		{AB399326-8C30-401C-AC00-22B5E7B7E1FA}.Release|Any CPU.ActiveCfg = Release|Any CPU
		{AB399326-8C30-401C-AC00-22B5E7B7E1FA}.Release|Any CPU.Build.0 = Release|Any CPU
		{779C96E1-2B7E-4652-B929-078668A8182C}.Debug|Any CPU.ActiveCfg = Debug|Any CPU
		{779C96E1-2B7E-4652-B929-078668A8182C}.Debug|Any CPU.Build.0 = Debug|Any CPU
		{779C96E1-2B7E-4652-B929-078668A8182C}.Release|Any CPU.ActiveCfg = Release|Any CPU
		{779C96E1-2B7E-4652-B929-078668A8182C}.Release|Any CPU.Build.0 = Release|Any CPU
		{923BDBA9-9272-4531-846D-DE9F52E80931}.Debug|Any CPU.ActiveCfg = Debug|Any CPU
		{923BDBA9-9272-4531-846D-DE9F52E80931}.Debug|Any CPU.Build.0 = Debug|Any CPU
		{923BDBA9-9272-4531-846D-DE9F52E80931}.Release|Any CPU.ActiveCfg = Release|Any CPU
		{923BDBA9-9272-4531-846D-DE9F52E80931}.Release|Any CPU.Build.0 = Release|Any CPU
		{455D9F42-4730-4A1D-8810-5A3B88591CC4}.Debug|Any CPU.ActiveCfg = Debug|Any CPU
		{455D9F42-4730-4A1D-8810-5A3B88591CC4}.Debug|Any CPU.Build.0 = Debug|Any CPU
		{455D9F42-4730-4A1D-8810-5A3B88591CC4}.Release|Any CPU.ActiveCfg = Release|Any CPU
		{455D9F42-4730-4A1D-8810-5A3B88591CC4}.Release|Any CPU.Build.0 = Release|Any CPU
		{8F652682-DC03-4AD9-8C7E-A4C422655BA7}.Debug|Any CPU.ActiveCfg = Debug|Any CPU
		{8F652682-DC03-4AD9-8C7E-A4C422655BA7}.Debug|Any CPU.Build.0 = Debug|Any CPU
		{8F652682-DC03-4AD9-8C7E-A4C422655BA7}.Release|Any CPU.ActiveCfg = Release|Any CPU
		{8F652682-DC03-4AD9-8C7E-A4C422655BA7}.Release|Any CPU.Build.0 = Release|Any CPU
		{767D5790-1BFD-4435-910E-5597332B55ED}.Debug|Any CPU.ActiveCfg = Debug|Any CPU
		{767D5790-1BFD-4435-910E-5597332B55ED}.Debug|Any CPU.Build.0 = Debug|Any CPU
		{767D5790-1BFD-4435-910E-5597332B55ED}.Release|Any CPU.ActiveCfg = Release|Any CPU
		{767D5790-1BFD-4435-910E-5597332B55ED}.Release|Any CPU.Build.0 = Release|Any CPU
		{196F6FB5-B630-40AB-9346-71398B4B6F31}.Debug|Any CPU.ActiveCfg = Debug|Any CPU
		{196F6FB5-B630-40AB-9346-71398B4B6F31}.Debug|Any CPU.Build.0 = Debug|Any CPU
		{196F6FB5-B630-40AB-9346-71398B4B6F31}.Release|Any CPU.ActiveCfg = Release|Any CPU
		{196F6FB5-B630-40AB-9346-71398B4B6F31}.Release|Any CPU.Build.0 = Release|Any CPU
		{93466355-22AA-4FD5-9B9B-41AF75CE3B8B}.Debug|Any CPU.ActiveCfg = Debug|Any CPU
		{93466355-22AA-4FD5-9B9B-41AF75CE3B8B}.Debug|Any CPU.Build.0 = Debug|Any CPU
		{93466355-22AA-4FD5-9B9B-41AF75CE3B8B}.Release|Any CPU.ActiveCfg = Release|Any CPU
		{93466355-22AA-4FD5-9B9B-41AF75CE3B8B}.Release|Any CPU.Build.0 = Release|Any CPU
		{486571FD-C229-463D-86E9-4EAB2828C05D}.Debug|Any CPU.ActiveCfg = Debug|Any CPU
		{486571FD-C229-463D-86E9-4EAB2828C05D}.Debug|Any CPU.Build.0 = Debug|Any CPU
		{486571FD-C229-463D-86E9-4EAB2828C05D}.Release|Any CPU.ActiveCfg = Release|Any CPU
		{486571FD-C229-463D-86E9-4EAB2828C05D}.Release|Any CPU.Build.0 = Release|Any CPU
		{1F5AF3AD-F020-429E-A278-59C14D14948D}.Debug|Any CPU.ActiveCfg = Debug|Any CPU
		{1F5AF3AD-F020-429E-A278-59C14D14948D}.Debug|Any CPU.Build.0 = Debug|Any CPU
		{1F5AF3AD-F020-429E-A278-59C14D14948D}.Release|Any CPU.ActiveCfg = Release|Any CPU
		{1F5AF3AD-F020-429E-A278-59C14D14948D}.Release|Any CPU.Build.0 = Release|Any CPU
		{1280A7F1-AC84-44B0-B094-DD6F2E1F3AF0}.Debug|Any CPU.ActiveCfg = Debug|Any CPU
		{1280A7F1-AC84-44B0-B094-DD6F2E1F3AF0}.Debug|Any CPU.Build.0 = Debug|Any CPU
		{1280A7F1-AC84-44B0-B094-DD6F2E1F3AF0}.Release|Any CPU.ActiveCfg = Release|Any CPU
		{1280A7F1-AC84-44B0-B094-DD6F2E1F3AF0}.Release|Any CPU.Build.0 = Release|Any CPU
		{702F09DD-77BC-4D17-815B-1A4D93419087}.Debug|Any CPU.ActiveCfg = Debug|Any CPU
		{702F09DD-77BC-4D17-815B-1A4D93419087}.Debug|Any CPU.Build.0 = Debug|Any CPU
		{702F09DD-77BC-4D17-815B-1A4D93419087}.Release|Any CPU.ActiveCfg = Release|Any CPU
		{702F09DD-77BC-4D17-815B-1A4D93419087}.Release|Any CPU.Build.0 = Release|Any CPU
		{37A97A78-027D-43A8-9363-E7C3F198EC16}.Debug|Any CPU.ActiveCfg = Debug|Any CPU
		{37A97A78-027D-43A8-9363-E7C3F198EC16}.Debug|Any CPU.Build.0 = Debug|Any CPU
		{37A97A78-027D-43A8-9363-E7C3F198EC16}.Release|Any CPU.ActiveCfg = Release|Any CPU
		{37A97A78-027D-43A8-9363-E7C3F198EC16}.Release|Any CPU.Build.0 = Release|Any CPU
		{3FEA7EB0-FFC5-41C3-9B51-ADA2B949B287}.Debug|Any CPU.ActiveCfg = Debug|Any CPU
		{3FEA7EB0-FFC5-41C3-9B51-ADA2B949B287}.Debug|Any CPU.Build.0 = Debug|Any CPU
		{3FEA7EB0-FFC5-41C3-9B51-ADA2B949B287}.Release|Any CPU.ActiveCfg = Release|Any CPU
		{3FEA7EB0-FFC5-41C3-9B51-ADA2B949B287}.Release|Any CPU.Build.0 = Release|Any CPU
		{2B150431-0D73-4B35-ABF7-4E828C2C3F05}.Debug|Any CPU.ActiveCfg = Debug|Any CPU
		{2B150431-0D73-4B35-ABF7-4E828C2C3F05}.Debug|Any CPU.Build.0 = Debug|Any CPU
		{2B150431-0D73-4B35-ABF7-4E828C2C3F05}.Release|Any CPU.ActiveCfg = Release|Any CPU
		{2B150431-0D73-4B35-ABF7-4E828C2C3F05}.Release|Any CPU.Build.0 = Release|Any CPU
		{83FE350D-15C3-4CAE-855E-008562364D09}.Debug|Any CPU.ActiveCfg = Debug|Any CPU
		{83FE350D-15C3-4CAE-855E-008562364D09}.Debug|Any CPU.Build.0 = Debug|Any CPU
		{83FE350D-15C3-4CAE-855E-008562364D09}.Release|Any CPU.ActiveCfg = Release|Any CPU
		{83FE350D-15C3-4CAE-855E-008562364D09}.Release|Any CPU.Build.0 = Release|Any CPU
		{8BC12C68-7758-498D-8318-48BCE508098F}.Debug|Any CPU.ActiveCfg = Debug|Any CPU
		{8BC12C68-7758-498D-8318-48BCE508098F}.Debug|Any CPU.Build.0 = Debug|Any CPU
		{8BC12C68-7758-498D-8318-48BCE508098F}.Release|Any CPU.ActiveCfg = Release|Any CPU
		{8BC12C68-7758-498D-8318-48BCE508098F}.Release|Any CPU.Build.0 = Release|Any CPU
	EndGlobalSection
	GlobalSection(SolutionProperties) = preSolution
		HideSolutionNode = FALSE
	EndGlobalSection
	GlobalSection(NestedProjects) = preSolution
		{6FE0740D-9DE0-4153-A83E-CAF42B8D58F7} = {01EBC345-E091-4A0C-B2B5-E186FE5263BC}
		{66DB6673-131F-4103-83FC-9103A1BD8437} = {01EBC345-E091-4A0C-B2B5-E186FE5263BC}
		{6F855AA2-2272-4713-8A35-52C512BC9FCF} = {01EBC345-E091-4A0C-B2B5-E186FE5263BC}
		{AB399326-8C30-401C-AC00-22B5E7B7E1FA} = {6FE0740D-9DE0-4153-A83E-CAF42B8D58F7}
		{779C96E1-2B7E-4652-B929-078668A8182C} = {5F839309-DEA9-4D94-A489-9DA3E6F035CB}
		{923BDBA9-9272-4531-846D-DE9F52E80931} = {5F839309-DEA9-4D94-A489-9DA3E6F035CB}
		{5D3A3F49-E3F1-47C2-B5FA-3BE8FC532D6D} = {6F855AA2-2272-4713-8A35-52C512BC9FCF}
		{2A32ECDB-D304-4000-BF64-7288060B3CDB} = {6F855AA2-2272-4713-8A35-52C512BC9FCF}
		{455D9F42-4730-4A1D-8810-5A3B88591CC4} = {5D3A3F49-E3F1-47C2-B5FA-3BE8FC532D6D}
		{8F652682-DC03-4AD9-8C7E-A4C422655BA7} = {5D3A3F49-E3F1-47C2-B5FA-3BE8FC532D6D}
		{767D5790-1BFD-4435-910E-5597332B55ED} = {5D3A3F49-E3F1-47C2-B5FA-3BE8FC532D6D}
		{196F6FB5-B630-40AB-9346-71398B4B6F31} = {2A32ECDB-D304-4000-BF64-7288060B3CDB}
		{93466355-22AA-4FD5-9B9B-41AF75CE3B8B} = {2A32ECDB-D304-4000-BF64-7288060B3CDB}
		{486571FD-C229-463D-86E9-4EAB2828C05D} = {2A32ECDB-D304-4000-BF64-7288060B3CDB}
		{1F5AF3AD-F020-429E-A278-59C14D14948D} = {64E6CD41-7D40-48CF-8A2F-5B8BC70724AA}
		{1280A7F1-AC84-44B0-B094-DD6F2E1F3AF0} = {66DB6673-131F-4103-83FC-9103A1BD8437}
		{702F09DD-77BC-4D17-815B-1A4D93419087} = {66DB6673-131F-4103-83FC-9103A1BD8437}
		{37A97A78-027D-43A8-9363-E7C3F198EC16} = {66DB6673-131F-4103-83FC-9103A1BD8437}
		{3FEA7EB0-FFC5-41C3-9B51-ADA2B949B287} = {5D3A3F49-E3F1-47C2-B5FA-3BE8FC532D6D}
		{2B150431-0D73-4B35-ABF7-4E828C2C3F05} = {66DB6673-131F-4103-83FC-9103A1BD8437}
		{375DE06B-8BC1-449D-877F-512434665DC6} = {5D3A3F49-E3F1-47C2-B5FA-3BE8FC532D6D}
		{83FE350D-15C3-4CAE-855E-008562364D09} = {375DE06B-8BC1-449D-877F-512434665DC6}
		{8BC12C68-7758-498D-8318-48BCE508098F} = {375DE06B-8BC1-449D-877F-512434665DC6}
	EndGlobalSection
EndGlobal
